schema: '2.0'
stages:
  preprocess:
    cmd: python src/data/preprocess.py --input data/raw --output data/processed 
      --img-size 224
    deps:
    - path: data/raw
      hash: md5
      md5: a750c70defeb6742e7a151d932cc8f4c.dir
      size: 848866410
      nfiles: 24999
    - path: src/data/preprocess.py
      hash: md5
      md5: c0723acf0ab8b0139a17f7181fd8450a
      size: 3306
    outs:
    - path: data/processed
      hash: md5
      md5: 0a86e3f7f19c60ab91b32035fb2dc567.dir
      size: 513671086
      nfiles: 24998
  train:
    cmd: python src/models/train.py --data data/processed --epochs 10
    deps:
    - path: data/processed
      hash: md5
      md5: 0a86e3f7f19c60ab91b32035fb2dc567.dir
      size: 513671086
      nfiles: 24998
    - path: src/data/dataset.py
      hash: md5
      md5: 6d1aa5544690d5cda4ffb5d54a934fb2
      size: 2509
    - path: src/models/model.py
      hash: md5
      md5: c053c715ac1244ea2e54c2d3f35282f4
      size: 1404
    - path: src/models/train.py
      hash: md5
      md5: ffa8a2f62db11f8fef224bd1445b04e1
      size: 6285
    outs:
    - path: artifacts/metrics.json
      hash: md5
      md5: 0434bf7e0ccdd42a320f297f1f53da63
      size: 80
    - path: artifacts/model.pt
      hash: md5
      md5: 15e4a8ac0d29c883f013ec8da5f7742d
      size: 1571576
